
Microsoft Visual Studio Solution File, Format Version 12.00
# Visual Studio Version 17
VisualStudioVersion = 17.7.34018.315
MinimumVisualStudioVersion = 10.0.40219.1
Project("{FAE04EC0-301F-11D3-BF4B-00C04F79EFBC}") = "RLL2", "RLL2\RLL2.csproj", "{FDC86804-815C-4530-8D9A-4DFAE1B7BD08}"
EndProject
Global
	GlobalSection(SolutionConfigurationPlatforms) = preSolution
		Debug|Any CPU = Debug|Any CPU
		Release|Any CPU = Release|Any CPU
	EndGlobalSection
	GlobalSection(ProjectConfigurationPlatforms) = postSolution
		{FDC86804-815C-4530-8D9A-4DFAE1B7BD08}.Debug|Any CPU.ActiveCfg = Debug|Any CPU
		{FDC86804-815C-4530-8D9A-4DFAE1B7BD08}.Debug|Any CPU.Build.0 = Debug|Any CPU
		{FDC86804-815C-4530-8D9A-4DFAE1B7BD08}.Release|Any CPU.ActiveCfg = Release|Any CPU
		{FDC86804-815C-4530-8D9A-4DFAE1B7BD08}.Release|Any CPU.Build.0 = Release|Any CPU
	EndGlobalSection
	GlobalSection(SolutionProperties) = preSolution
		HideSolutionNode = FALSE
	EndGlobalSection
	GlobalSection(ExtensibilityGlobals) = postSolution
		SolutionGuid = {0886B09A-5D2C-45B6-9AAE-5005CC2D33E9}
	EndGlobalSection
EndGlobal
